
Microsoft Visual Studio Solution File, Format Version 12.00
# Visual Studio Version 17
VisualStudioVersion = 17.10.35027.167
MinimumVisualStudioVersion = 10.0.40219.1
Project("{FAE04EC0-301F-11D3-BF4B-00C04F79EFBC}") = "Make the Deadfish Swim", "Make the Deadfish Swim\Make the Deadfish Swim.csproj", "{261AA3BA-0F70-486F-9F75-28B793A18298}"
EndProject
Project("{FAE04EC0-301F-11D3-BF4B-00C04F79EFBC}") = "Create Phone Number", "Create Phone Number\Create Phone Number.csproj", "{5D371B0C-168E-4F84-BFA3-45907585AE2A}"
EndProject
Project("{FAE04EC0-301F-11D3-BF4B-00C04F79EFBC}") = "Stop gninnipS My sdroW!", "Stop gninnipS My sdroW!\Stop gninnipS My sdroW!.csproj", "{B9CC8DF0-EA04-4D34-818B-6BAAE3E9959D}"
EndProject
Project("{FAE04EC0-301F-11D3-BF4B-00C04F79EFBC}") = "You're a square!", "You're a square!\You're a square!.csproj", "{39272780-996C-4251-A781-A9AE019E630A}"
EndProject
Global
	GlobalSection(SolutionConfigurationPlatforms) = preSolution
		Debug|Any CPU = Debug|Any CPU
		Release|Any CPU = Release|Any CPU
	EndGlobalSection
	GlobalSection(ProjectConfigurationPlatforms) = postSolution
		{261AA3BA-0F70-486F-9F75-28B793A18298}.Debug|Any CPU.ActiveCfg = Debug|Any CPU
		{261AA3BA-0F70-486F-9F75-28B793A18298}.Debug|Any CPU.Build.0 = Debug|Any CPU
		{261AA3BA-0F70-486F-9F75-28B793A18298}.Release|Any CPU.ActiveCfg = Release|Any CPU
		{261AA3BA-0F70-486F-9F75-28B793A18298}.Release|Any CPU.Build.0 = Release|Any CPU
		{5D371B0C-168E-4F84-BFA3-45907585AE2A}.Debug|Any CPU.ActiveCfg = Debug|Any CPU
		{5D371B0C-168E-4F84-BFA3-45907585AE2A}.Debug|Any CPU.Build.0 = Debug|Any CPU
		{5D371B0C-168E-4F84-BFA3-45907585AE2A}.Release|Any CPU.ActiveCfg = Release|Any CPU
		{5D371B0C-168E-4F84-BFA3-45907585AE2A}.Release|Any CPU.Build.0 = Release|Any CPU
		{B9CC8DF0-EA04-4D34-818B-6BAAE3E9959D}.Debug|Any CPU.ActiveCfg = Debug|Any CPU
		{B9CC8DF0-EA04-4D34-818B-6BAAE3E9959D}.Debug|Any CPU.Build.0 = Debug|Any CPU
		{B9CC8DF0-EA04-4D34-818B-6BAAE3E9959D}.Release|Any CPU.ActiveCfg = Release|Any CPU
		{B9CC8DF0-EA04-4D34-818B-6BAAE3E9959D}.Release|Any CPU.Build.0 = Release|Any CPU
		{39272780-996C-4251-A781-A9AE019E630A}.Debug|Any CPU.ActiveCfg = Debug|Any CPU
		{39272780-996C-4251-A781-A9AE019E630A}.Debug|Any CPU.Build.0 = Debug|Any CPU
		{39272780-996C-4251-A781-A9AE019E630A}.Release|Any CPU.ActiveCfg = Release|Any CPU
		{39272780-996C-4251-A781-A9AE019E630A}.Release|Any CPU.Build.0 = Release|Any CPU
	EndGlobalSection
	GlobalSection(SolutionProperties) = preSolution
		HideSolutionNode = FALSE
	EndGlobalSection
	GlobalSection(ExtensibilityGlobals) = postSolution
		SolutionGuid = {C9D24DF2-D803-4F3E-A8AD-CEECABF88BFF}
	EndGlobalSection
EndGlobal
